{
  "version": 4,
  "terraform_version": "1.7.4",
  "serial": 232,
  "lineage": "8ffe7a16-a8b2-8c41-5525-b78694002aea",
  "outputs": {},
  "resources": [
    {
      "mode": "data",
      "type": "digitalocean_ssh_key",
      "name": "terraform",
      "provider": "provider[\"registry.terraform.io/digitalocean/digitalocean\"]",
      "instances": [
        {
          "schema_version": 0,
          "attributes": {
            "fingerprint": "6c:42:97:7e:f3:b4:ff:44:30:a6:a8:20:86:f2:20:e4",
            "id": 41106607,
            "name": "prueba",
            "public_key": "ecdsa-sha2-nistp256 AAAAE2VjZHNhLXNoYTItbmlzdHAyNTYAAAAIbmlzdHAyNTYAAABBBMTUKr+3dcz0x6zRHv6wTW/tLU43/AlpuEH7zsSCbbIAj1R4s95QcVThjcisy2TbClh1tBQ7abL6Hz4zYN21hPY= paola@VenP"
          },
          "sensitive_attributes": []
        }
      ]
    },
    {
      "mode": "managed",
      "type": "digitalocean_droplet",
      "name": "web",
      "provider": "provider[\"registry.terraform.io/digitalocean/digitalocean\"]",
      "instances": [
        {
          "status": "tainted",
          "schema_version": 1,
          "attributes": {
            "backups": false,
            "created_at": "2024-03-16T22:21:21Z",
            "disk": 10,
            "droplet_agent": null,
            "graceful_shutdown": false,
            "id": "407344000",
            "image": "ubuntu-23-10-x64",
            "ipv4_address": "64.23.203.118",
            "ipv4_address_private": "10.124.0.2",
            "ipv6": false,
            "ipv6_address": "",
            "locked": false,
            "memory": 512,
            "monitoring": false,
            "name": "web",
            "price_hourly": 0.00595,
            "price_monthly": 4,
            "private_networking": true,
            "region": "sfo3",
            "resize_disk": true,
            "size": "s-1vcpu-512mb-10gb",
            "ssh_keys": ["41106607"],
            "status": "active",
            "tags": null,
            "timeouts": null,
            "urn": "do:droplet:407344000",
            "user_data": null,
            "vcpus": 1,
            "volume_ids": [],
            "vpc_uuid": "b4087d44-5260-4e7f-80f1-928e664e55a3"
          },
          "sensitive_attributes": [],
          "private": "eyJlMmJmYjczMC1lY2FhLTExZTYtOGY4OC0zNDM2M2JjN2M0YzAiOnsiY3JlYXRlIjozNjAwMDAwMDAwMDAwLCJkZWxldGUiOjYwMDAwMDAwMDAwLCJ1cGRhdGUiOjM2MDAwMDAwMDAwMDB9LCJzY2hlbWFfdmVyc2lvbiI6IjEifQ==",
          "dependencies": ["data.digitalocean_ssh_key.terraform"]
        }
      ]
    }
  ],
  "check_results": null
}
